
Microsoft Visual Studio Solution File, Format Version 12.00
# Visual Studio 15
VisualStudioVersion = 15.0.26730.3
MinimumVisualStudioVersion = 10.0.40219.1
Project("{FAE04EC0-301F-11D3-BF4B-00C04F79EFBC}") = "WowCNData", "WowCNData\WowCNData.csproj", "{42642327-5B2F-4AD3-978D-CE28E6B0D38C}"
EndProject
Global
	GlobalSection(SolutionConfigurationPlatforms) = preSolution
		Debug|Any CPU = Debug|Any CPU
		Release|Any CPU = Release|Any CPU
	EndGlobalSection
	GlobalSection(ProjectConfigurationPlatforms) = postSolution
		{42642327-5B2F-4AD3-978D-CE28E6B0D38C}.Debug|Any CPU.ActiveCfg = Debug|Any CPU
		{42642327-5B2F-4AD3-978D-CE28E6B0D38C}.Debug|Any CPU.Build.0 = Debug|Any CPU
		{42642327-5B2F-4AD3-978D-CE28E6B0D38C}.Release|Any CPU.ActiveCfg = Release|Any CPU
		{42642327-5B2F-4AD3-978D-CE28E6B0D38C}.Release|Any CPU.Build.0 = Release|Any CPU
	EndGlobalSection
	GlobalSection(SolutionProperties) = preSolution
		HideSolutionNode = FALSE
	EndGlobalSection
	GlobalSection(ExtensibilityGlobals) = postSolution
		SolutionGuid = {48F2B6EC-16D9-4E3A-8247-096B88A50575}
	EndGlobalSection
EndGlobal
